// !$*UTF8*$!
{
	archiveVersion = 1;
	classes = {
	};
	objectVersion = 56;
	objects = {

/* Begin PBXBuildFile section */
		8BA2EA642D3C2B5000EAAABD /* AppDelegate.swift in Sources */ = {isa = PBXBuildFile; fileRef = 8BA2EA632D3C2B5000EAAABD /* AppDelegate.swift */; };
		8BA2EA662D3C2B5000EAAABD /* SceneDelegate.swift in Sources */ = {isa = PBXBuildFile; fileRef = 8BA2EA652D3C2B5000EAAABD /* SceneDelegate.swift */; };
		8BA2EA6D2D3C2B5200EAAABD /* Assets.xcassets in Resources */ = {isa = PBXBuildFile; fileRef = 8BA2EA6C2D3C2B5200EAAABD /* Assets.xcassets */; };
		8BA2EA702D3C2B5200EAAABD /* LaunchScreen.storyboard in Resources */ = {isa = PBXBuildFile; fileRef = 8BA2EA6E2D3C2B5200EAAABD /* LaunchScreen.storyboard */; };
		8BA2EA7B2D3C2B5200EAAABD /* JSONPlaceholderProjectTests.swift in Sources */ = {isa = PBXBuildFile; fileRef = 8BA2EA7A2D3C2B5200EAAABD /* JSONPlaceholderProjectTests.swift */; };
		8BA2EA852D3C2B5200EAAABD /* JSONPlaceholderProjectUITests.swift in Sources */ = {isa = PBXBuildFile; fileRef = 8BA2EA842D3C2B5200EAAABD /* JSONPlaceholderProjectUITests.swift */; };
		8BA2EA872D3C2B5200EAAABD /* JSONPlaceholderProjectUITestsLaunchTests.swift in Sources */ = {isa = PBXBuildFile; fileRef = 8BA2EA862D3C2B5200EAAABD /* JSONPlaceholderProjectUITestsLaunchTests.swift */; };
		8BA2EA992D3C2CE900EAAABD /* UserListViewController.swift in Sources */ = {isa = PBXBuildFile; fileRef = 8BA2EA982D3C2CE900EAAABD /* UserListViewController.swift */; };
		8BA2EA9B2D3C2D0D00EAAABD /* UserListViewModel.swift in Sources */ = {isa = PBXBuildFile; fileRef = 8BA2EA9A2D3C2D0D00EAAABD /* UserListViewModel.swift */; };
		8BA2EA9D2D3C2D8A00EAAABD /* UserList.storyboard in Resources */ = {isa = PBXBuildFile; fileRef = 8BA2EA9C2D3C2D8A00EAAABD /* UserList.storyboard */; };
		8BA2EAA02D3C2EEC00EAAABD /* UserListModel.swift in Sources */ = {isa = PBXBuildFile; fileRef = 8BA2EA9F2D3C2EEC00EAAABD /* UserListModel.swift */; };
		8BA2EAA22D3C319300EAAABD /* Network.swift in Sources */ = {isa = PBXBuildFile; fileRef = 8BA2EAA12D3C319300EAAABD /* Network.swift */; };
		8BA2EAA62D3C3C5600EAAABD /* UserListTableViewCell.swift in Sources */ = {isa = PBXBuildFile; fileRef = 8BA2EAA42D3C3C5600EAAABD /* UserListTableViewCell.swift */; };
		8BA2EAA72D3C3C5600EAAABD /* UserListTableViewCell.xib in Resources */ = {isa = PBXBuildFile; fileRef = 8BA2EAA52D3C3C5600EAAABD /* UserListTableViewCell.xib */; };
		8BA2EAA92D3C3D4900EAAABD /* UserListTableViewModel.swift in Sources */ = {isa = PBXBuildFile; fileRef = 8BA2EAA82D3C3D4900EAAABD /* UserListTableViewModel.swift */; };
		8BA2EAAC2D3C3F0500EAAABD /* UserRepository.swift in Sources */ = {isa = PBXBuildFile; fileRef = 8BA2EAAB2D3C3F0500EAAABD /* UserRepository.swift */; };
		8BA2EAAF2D3C3FEF00EAAABD /* UserEndpoint.swift in Sources */ = {isa = PBXBuildFile; fileRef = 8BA2EAAE2D3C3FEF00EAAABD /* UserEndpoint.swift */; };
/* End PBXBuildFile section */

/* Begin PBXContainerItemProxy section */
		8BA2EA772D3C2B5200EAAABD /* PBXContainerItemProxy */ = {
			isa = PBXContainerItemProxy;
			containerPortal = 8BA2EA582D3C2B5000EAAABD /* Project object */;
			proxyType = 1;
			remoteGlobalIDString = 8BA2EA5F2D3C2B5000EAAABD;
			remoteInfo = JSONPlaceholderProject;
		};
		8BA2EA812D3C2B5200EAAABD /* PBXContainerItemProxy */ = {
			isa = PBXContainerItemProxy;
			containerPortal = 8BA2EA582D3C2B5000EAAABD /* Project object */;
			proxyType = 1;
			remoteGlobalIDString = 8BA2EA5F2D3C2B5000EAAABD;
			remoteInfo = JSONPlaceholderProject;
		};
/* End PBXContainerItemProxy section */

/* Begin PBXFileReference section */
		8BA2EA602D3C2B5000EAAABD /* JSONPlaceholderProject.app */ = {isa = PBXFileReference; explicitFileType = wrapper.application; includeInIndex = 0; path = JSONPlaceholderProject.app; sourceTree = BUILT_PRODUCTS_DIR; };
		8BA2EA632D3C2B5000EAAABD /* AppDelegate.swift */ = {isa = PBXFileReference; lastKnownFileType = sourcecode.swift; path = AppDelegate.swift; sourceTree = "<group>"; };
		8BA2EA652D3C2B5000EAAABD /* SceneDelegate.swift */ = {isa = PBXFileReference; lastKnownFileType = sourcecode.swift; path = SceneDelegate.swift; sourceTree = "<group>"; };
		8BA2EA6C2D3C2B5200EAAABD /* Assets.xcassets */ = {isa = PBXFileReference; lastKnownFileType = folder.assetcatalog; path = Assets.xcassets; sourceTree = "<group>"; };
		8BA2EA6F2D3C2B5200EAAABD /* Base */ = {isa = PBXFileReference; lastKnownFileType = file.storyboard; name = Base; path = Base.lproj/LaunchScreen.storyboard; sourceTree = "<group>"; };
		8BA2EA712D3C2B5200EAAABD /* Info.plist */ = {isa = PBXFileReference; lastKnownFileType = text.plist.xml; path = Info.plist; sourceTree = "<group>"; };
		8BA2EA762D3C2B5200EAAABD /* JSONPlaceholderProjectTests.xctest */ = {isa = PBXFileReference; explicitFileType = wrapper.cfbundle; includeInIndex = 0; path = JSONPlaceholderProjectTests.xctest; sourceTree = BUILT_PRODUCTS_DIR; };
		8BA2EA7A2D3C2B5200EAAABD /* JSONPlaceholderProjectTests.swift */ = {isa = PBXFileReference; lastKnownFileType = sourcecode.swift; path = JSONPlaceholderProjectTests.swift; sourceTree = "<group>"; };
		8BA2EA802D3C2B5200EAAABD /* JSONPlaceholderProjectUITests.xctest */ = {isa = PBXFileReference; explicitFileType = wrapper.cfbundle; includeInIndex = 0; path = JSONPlaceholderProjectUITests.xctest; sourceTree = BUILT_PRODUCTS_DIR; };
		8BA2EA842D3C2B5200EAAABD /* JSONPlaceholderProjectUITests.swift */ = {isa = PBXFileReference; lastKnownFileType = sourcecode.swift; path = JSONPlaceholderProjectUITests.swift; sourceTree = "<group>"; };
		8BA2EA862D3C2B5200EAAABD /* JSONPlaceholderProjectUITestsLaunchTests.swift */ = {isa = PBXFileReference; lastKnownFileType = sourcecode.swift; path = JSONPlaceholderProjectUITestsLaunchTests.swift; sourceTree = "<group>"; };
		8BA2EA982D3C2CE900EAAABD /* UserListViewController.swift */ = {isa = PBXFileReference; lastKnownFileType = sourcecode.swift; path = UserListViewController.swift; sourceTree = "<group>"; };
		8BA2EA9A2D3C2D0D00EAAABD /* UserListViewModel.swift */ = {isa = PBXFileReference; lastKnownFileType = sourcecode.swift; path = UserListViewModel.swift; sourceTree = "<group>"; };
		8BA2EA9C2D3C2D8A00EAAABD /* UserList.storyboard */ = {isa = PBXFileReference; lastKnownFileType = file.storyboard; path = UserList.storyboard; sourceTree = "<group>"; };
		8BA2EA9F2D3C2EEC00EAAABD /* UserListModel.swift */ = {isa = PBXFileReference; lastKnownFileType = sourcecode.swift; path = UserListModel.swift; sourceTree = "<group>"; };
		8BA2EAA12D3C319300EAAABD /* Network.swift */ = {isa = PBXFileReference; lastKnownFileType = sourcecode.swift; path = Network.swift; sourceTree = "<group>"; };
		8BA2EAA42D3C3C5600EAAABD /* UserListTableViewCell.swift */ = {isa = PBXFileReference; lastKnownFileType = sourcecode.swift; path = UserListTableViewCell.swift; sourceTree = "<group>"; };
		8BA2EAA52D3C3C5600EAAABD /* UserListTableViewCell.xib */ = {isa = PBXFileReference; lastKnownFileType = file.xib; path = UserListTableViewCell.xib; sourceTree = "<group>"; };
		8BA2EAA82D3C3D4900EAAABD /* UserListTableViewModel.swift */ = {isa = PBXFileReference; lastKnownFileType = sourcecode.swift; path = UserListTableViewModel.swift; sourceTree = "<group>"; };
		8BA2EAAB2D3C3F0500EAAABD /* UserRepository.swift */ = {isa = PBXFileReference; lastKnownFileType = sourcecode.swift; path = UserRepository.swift; sourceTree = "<group>"; };
		8BA2EAAE2D3C3FEF00EAAABD /* UserEndpoint.swift */ = {isa = PBXFileReference; lastKnownFileType = sourcecode.swift; path = UserEndpoint.swift; sourceTree = "<group>"; };
/* End PBXFileReference section */

/* Begin PBXFrameworksBuildPhase section */
		8BA2EA5D2D3C2B5000EAAABD /* Frameworks */ = {
			isa = PBXFrameworksBuildPhase;
			buildActionMask = 2147483647;
			files = (
			);
			runOnlyForDeploymentPostprocessing = 0;
		};
		8BA2EA732D3C2B5200EAAABD /* Frameworks */ = {
			isa = PBXFrameworksBuildPhase;
			buildActionMask = 2147483647;
			files = (
			);
			runOnlyForDeploymentPostprocessing = 0;
		};
		8BA2EA7D2D3C2B5200EAAABD /* Frameworks */ = {
			isa = PBXFrameworksBuildPhase;
			buildActionMask = 2147483647;
			files = (
			);
			runOnlyForDeploymentPostprocessing = 0;
		};
/* End PBXFrameworksBuildPhase section */

/* Begin PBXGroup section */
		8BA2EA572D3C2B5000EAAABD = {
			isa = PBXGroup;
			children = (
				8BA2EA622D3C2B5000EAAABD /* JSONPlaceholderProject */,
				8BA2EA792D3C2B5200EAAABD /* JSONPlaceholderProjectTests */,
				8BA2EA832D3C2B5200EAAABD /* JSONPlaceholderProjectUITests */,
				8BA2EA612D3C2B5000EAAABD /* Products */,
			);
			sourceTree = "<group>";
		};
		8BA2EA612D3C2B5000EAAABD /* Products */ = {
			isa = PBXGroup;
			children = (
				8BA2EA602D3C2B5000EAAABD /* JSONPlaceholderProject.app */,
				8BA2EA762D3C2B5200EAAABD /* JSONPlaceholderProjectTests.xctest */,
				8BA2EA802D3C2B5200EAAABD /* JSONPlaceholderProjectUITests.xctest */,
			);
			name = Products;
			sourceTree = "<group>";
		};
		8BA2EA622D3C2B5000EAAABD /* JSONPlaceholderProject */ = {
			isa = PBXGroup;
			children = (
				8BA2EA952D3C2C6E00EAAABD /* Scenes */,
				8BA2EA942D3C2C6500EAAABD /* Network */,
				8BA2EA932D3C2BAD00EAAABD /* App */,
				8BA2EA6C2D3C2B5200EAAABD /* Assets.xcassets */,
				8BA2EA6E2D3C2B5200EAAABD /* LaunchScreen.storyboard */,
				8BA2EA712D3C2B5200EAAABD /* Info.plist */,
			);
			path = JSONPlaceholderProject;
			sourceTree = "<group>";
		};
		8BA2EA792D3C2B5200EAAABD /* JSONPlaceholderProjectTests */ = {
			isa = PBXGroup;
			children = (
				8BA2EA7A2D3C2B5200EAAABD /* JSONPlaceholderProjectTests.swift */,
			);
			path = JSONPlaceholderProjectTests;
			sourceTree = "<group>";
		};
		8BA2EA832D3C2B5200EAAABD /* JSONPlaceholderProjectUITests */ = {
			isa = PBXGroup;
			children = (
				8BA2EA842D3C2B5200EAAABD /* JSONPlaceholderProjectUITests.swift */,
				8BA2EA862D3C2B5200EAAABD /* JSONPlaceholderProjectUITestsLaunchTests.swift */,
			);
			path = JSONPlaceholderProjectUITests;
			sourceTree = "<group>";
		};
		8BA2EA932D3C2BAD00EAAABD /* App */ = {
			isa = PBXGroup;
			children = (
				8BA2EA632D3C2B5000EAAABD /* AppDelegate.swift */,
				8BA2EA652D3C2B5000EAAABD /* SceneDelegate.swift */,
			);
			path = App;
			sourceTree = "<group>";
		};
		8BA2EA942D3C2C6500EAAABD /* Network */ = {
			isa = PBXGroup;
			children = (
				8BA2EAAD2D3C3FBE00EAAABD /* Endpoints */,
				8BA2EAAA2D3C3EF200EAAABD /* Repository */,
				8BA2EA9E2D3C2E6000EAAABD /* Models */,
				8BA2EAA12D3C319300EAAABD /* Network.swift */,
			);
			path = Network;
			sourceTree = "<group>";
		};
		8BA2EA952D3C2C6E00EAAABD /* Scenes */ = {
			isa = PBXGroup;
			children = (
				8BA2EA972D3C2CD100EAAABD /* UserListDetail */,
				8BA2EA962D3C2CB000EAAABD /* UserList */,
			);
			path = Scenes;
			sourceTree = "<group>";
		};
		8BA2EA962D3C2CB000EAAABD /* UserList */ = {
			isa = PBXGroup;
			children = (
				8BA2EAA32D3C3C4300EAAABD /* Cells */,
				8BA2EA982D3C2CE900EAAABD /* UserListViewController.swift */,
				8BA2EA9A2D3C2D0D00EAAABD /* UserListViewModel.swift */,
				8BA2EA9C2D3C2D8A00EAAABD /* UserList.storyboard */,
			);
			path = UserList;
			sourceTree = "<group>";
		};
		8BA2EA972D3C2CD100EAAABD /* UserListDetail */ = {
			isa = PBXGroup;
			children = (
			);
			path = UserListDetail;
			sourceTree = "<group>";
		};
		8BA2EA9E2D3C2E6000EAAABD /* Models */ = {
			isa = PBXGroup;
			children = (
				8BA2EA9F2D3C2EEC00EAAABD /* UserListModel.swift */,
			);
			path = Models;
			sourceTree = "<group>";
		};
		8BA2EAA32D3C3C4300EAAABD /* Cells */ = {
			isa = PBXGroup;
			children = (
				8BA2EAA42D3C3C5600EAAABD /* UserListTableViewCell.swift */,
				8BA2EAA52D3C3C5600EAAABD /* UserListTableViewCell.xib */,
				8BA2EAA82D3C3D4900EAAABD /* UserListTableViewModel.swift */,
			);
			path = Cells;
			sourceTree = "<group>";
		};
		8BA2EAAA2D3C3EF200EAAABD /* Repository */ = {
			isa = PBXGroup;
			children = (
				8BA2EAAB2D3C3F0500EAAABD /* UserRepository.swift */,
			);
			path = Repository;
			sourceTree = "<group>";
		};
		8BA2EAAD2D3C3FBE00EAAABD /* Endpoints */ = {
			isa = PBXGroup;
			children = (
				8BA2EAAE2D3C3FEF00EAAABD /* UserEndpoint.swift */,
			);
			path = Endpoints;
			sourceTree = "<group>";
		};
/* End PBXGroup section */

/* Begin PBXNativeTarget section */
		8BA2EA5F2D3C2B5000EAAABD /* JSONPlaceholderProject */ = {
			isa = PBXNativeTarget;
			buildConfigurationList = 8BA2EA8A2D3C2B5200EAAABD /* Build configuration list for PBXNativeTarget "JSONPlaceholderProject" */;
			buildPhases = (
				8BA2EA5C2D3C2B5000EAAABD /* Sources */,
				8BA2EA5D2D3C2B5000EAAABD /* Frameworks */,
				8BA2EA5E2D3C2B5000EAAABD /* Resources */,
			);
			buildRules = (
			);
			dependencies = (
			);
			name = JSONPlaceholderProject;
			productName = JSONPlaceholderProject;
			productReference = 8BA2EA602D3C2B5000EAAABD /* JSONPlaceholderProject.app */;
			productType = "com.apple.product-type.application";
		};
		8BA2EA752D3C2B5200EAAABD /* JSONPlaceholderProjectTests */ = {
			isa = PBXNativeTarget;
			buildConfigurationList = 8BA2EA8D2D3C2B5200EAAABD /* Build configuration list for PBXNativeTarget "JSONPlaceholderProjectTests" */;
			buildPhases = (
				8BA2EA722D3C2B5200EAAABD /* Sources */,
				8BA2EA732D3C2B5200EAAABD /* Frameworks */,
				8BA2EA742D3C2B5200EAAABD /* Resources */,
			);
			buildRules = (
			);
			dependencies = (
				8BA2EA782D3C2B5200EAAABD /* PBXTargetDependency */,
			);
			name = JSONPlaceholderProjectTests;
			productName = JSONPlaceholderProjectTests;
			productReference = 8BA2EA762D3C2B5200EAAABD /* JSONPlaceholderProjectTests.xctest */;
			productType = "com.apple.product-type.bundle.unit-test";
		};
		8BA2EA7F2D3C2B5200EAAABD /* JSONPlaceholderProjectUITests */ = {
			isa = PBXNativeTarget;
			buildConfigurationList = 8BA2EA902D3C2B5200EAAABD /* Build configuration list for PBXNativeTarget "JSONPlaceholderProjectUITests" */;
			buildPhases = (
				8BA2EA7C2D3C2B5200EAAABD /* Sources */,
				8BA2EA7D2D3C2B5200EAAABD /* Frameworks */,
				8BA2EA7E2D3C2B5200EAAABD /* Resources */,
			);
			buildRules = (
			);
			dependencies = (
				8BA2EA822D3C2B5200EAAABD /* PBXTargetDependency */,
			);
			name = JSONPlaceholderProjectUITests;
			productName = JSONPlaceholderProjectUITests;
			productReference = 8BA2EA802D3C2B5200EAAABD /* JSONPlaceholderProjectUITests.xctest */;
			productType = "com.apple.product-type.bundle.ui-testing";
		};
/* End PBXNativeTarget section */

/* Begin PBXProject section */
		8BA2EA582D3C2B5000EAAABD /* Project object */ = {
			isa = PBXProject;
			attributes = {
				BuildIndependentTargetsInParallel = 1;
				LastSwiftUpdateCheck = 1520;
				LastUpgradeCheck = 1520;
				TargetAttributes = {
					8BA2EA5F2D3C2B5000EAAABD = {
						CreatedOnToolsVersion = 15.2;
					};
					8BA2EA752D3C2B5200EAAABD = {
						CreatedOnToolsVersion = 15.2;
						TestTargetID = 8BA2EA5F2D3C2B5000EAAABD;
					};
					8BA2EA7F2D3C2B5200EAAABD = {
						CreatedOnToolsVersion = 15.2;
						TestTargetID = 8BA2EA5F2D3C2B5000EAAABD;
					};
				};
			};
			buildConfigurationList = 8BA2EA5B2D3C2B5000EAAABD /* Build configuration list for PBXProject "JSONPlaceholderProject" */;
			compatibilityVersion = "Xcode 14.0";
			developmentRegion = en;
			hasScannedForEncodings = 0;
			knownRegions = (
				en,
				Base,
			);
			mainGroup = 8BA2EA572D3C2B5000EAAABD;
			productRefGroup = 8BA2EA612D3C2B5000EAAABD /* Products */;
			projectDirPath = "";
			projectRoot = "";
			targets = (
				8BA2EA5F2D3C2B5000EAAABD /* JSONPlaceholderProject */,
				8BA2EA752D3C2B5200EAAABD /* JSONPlaceholderProjectTests */,
				8BA2EA7F2D3C2B5200EAAABD /* JSONPlaceholderProjectUITests */,
			);
		};
/* End PBXProject section */

/* Begin PBXResourcesBuildPhase section */
		8BA2EA5E2D3C2B5000EAAABD /* Resources */ = {
			isa = PBXResourcesBuildPhase;
			buildActionMask = 2147483647;
			files = (
				8BA2EAA72D3C3C5600EAAABD /* UserListTableViewCell.xib in Resources */,
				8BA2EA702D3C2B5200EAAABD /* LaunchScreen.storyboard in Resources */,
				8BA2EA9D2D3C2D8A00EAAABD /* UserList.storyboard in Resources */,
				8BA2EA6D2D3C2B5200EAAABD /* Assets.xcassets in Resources */,
			);
			runOnlyForDeploymentPostprocessing = 0;
		};
		8BA2EA742D3C2B5200EAAABD /* Resources */ = {
			isa = PBXResourcesBuildPhase;
			buildActionMask = 2147483647;
			files = (
			);
			runOnlyForDeploymentPostprocessing = 0;
		};
		8BA2EA7E2D3C2B5200EAAABD /* Resources */ = {
			isa = PBXResourcesBuildPhase;
			buildActionMask = 2147483647;
			files = (
			);
			runOnlyForDeploymentPostprocessing = 0;
		};
/* End PBXResourcesBuildPhase section */

/* Begin PBXSourcesBuildPhase section */
		8BA2EA5C2D3C2B5000EAAABD /* Sources */ = {
			isa = PBXSourcesBuildPhase;
			buildActionMask = 2147483647;
			files = (
				8BA2EAA02D3C2EEC00EAAABD /* UserListModel.swift in Sources */,
				8BA2EA992D3C2CE900EAAABD /* UserListViewController.swift in Sources */,
				8BA2EAAC2D3C3F0500EAAABD /* UserRepository.swift in Sources */,
				8BA2EA642D3C2B5000EAAABD /* AppDelegate.swift in Sources */,
				8BA2EA662D3C2B5000EAAABD /* SceneDelegate.swift in Sources */,
				8BA2EAAF2D3C3FEF00EAAABD /* UserEndpoint.swift in Sources */,
				8BA2EAA22D3C319300EAAABD /* Network.swift in Sources */,
				8BA2EA9B2D3C2D0D00EAAABD /* UserListViewModel.swift in Sources */,
				8BA2EAA92D3C3D4900EAAABD /* UserListTableViewModel.swift in Sources */,
				8BA2EAA62D3C3C5600EAAABD /* UserListTableViewCell.swift in Sources */,
			);
			runOnlyForDeploymentPostprocessing = 0;
		};
		8BA2EA722D3C2B5200EAAABD /* Sources */ = {
			isa = PBXSourcesBuildPhase;
			buildActionMask = 2147483647;
			files = (
				8BA2EA7B2D3C2B5200EAAABD /* JSONPlaceholderProjectTests.swift in Sources */,
			);
			runOnlyForDeploymentPostprocessing = 0;
		};
		8BA2EA7C2D3C2B5200EAAABD /* Sources */ = {
			isa = PBXSourcesBuildPhase;
			buildActionMask = 2147483647;
			files = (
				8BA2EA872D3C2B5200EAAABD /* JSONPlaceholderProjectUITestsLaunchTests.swift in Sources */,
				8BA2EA852D3C2B5200EAAABD /* JSONPlaceholderProjectUITests.swift in Sources */,
			);
			runOnlyForDeploymentPostprocessing = 0;
		};
/* End PBXSourcesBuildPhase section */

/* Begin PBXTargetDependency section */
		8BA2EA782D3C2B5200EAAABD /* PBXTargetDependency */ = {
			isa = PBXTargetDependency;
			target = 8BA2EA5F2D3C2B5000EAAABD /* JSONPlaceholderProject */;
			targetProxy = 8BA2EA772D3C2B5200EAAABD /* PBXContainerItemProxy */;
		};
		8BA2EA822D3C2B5200EAAABD /* PBXTargetDependency */ = {
			isa = PBXTargetDependency;
			target = 8BA2EA5F2D3C2B5000EAAABD /* JSONPlaceholderProject */;
			targetProxy = 8BA2EA812D3C2B5200EAAABD /* PBXContainerItemProxy */;
		};
/* End PBXTargetDependency section */

/* Begin PBXVariantGroup section */
		8BA2EA6E2D3C2B5200EAAABD /* LaunchScreen.storyboard */ = {
			isa = PBXVariantGroup;
			children = (
				8BA2EA6F2D3C2B5200EAAABD /* Base */,
			);
			name = LaunchScreen.storyboard;
			sourceTree = "<group>";
		};
/* End PBXVariantGroup section */

/* Begin XCBuildConfiguration section */
		8BA2EA882D3C2B5200EAAABD /* Debug */ = {
			isa = XCBuildConfiguration;
			buildSettings = {
				ALWAYS_SEARCH_USER_PATHS = NO;
				ASSETCATALOG_COMPILER_GENERATE_SWIFT_ASSET_SYMBOL_EXTENSIONS = YES;
				CLANG_ANALYZER_NONNULL = YES;
				CLANG_ANALYZER_NUMBER_OBJECT_CONVERSION = YES_AGGRESSIVE;
				CLANG_CXX_LANGUAGE_STANDARD = "gnu++20";
				CLANG_ENABLE_MODULES = YES;
				CLANG_ENABLE_OBJC_ARC = YES;
				CLANG_ENABLE_OBJC_WEAK = YES;
				CLANG_WARN_BLOCK_CAPTURE_AUTORELEASING = YES;
				CLANG_WARN_BOOL_CONVERSION = YES;
				CLANG_WARN_COMMA = YES;
				CLANG_WARN_CONSTANT_CONVERSION = YES;
				CLANG_WARN_DEPRECATED_OBJC_IMPLEMENTATIONS = YES;
				CLANG_WARN_DIRECT_OBJC_ISA_USAGE = YES_ERROR;
				CLANG_WARN_DOCUMENTATION_COMMENTS = YES;
				CLANG_WARN_EMPTY_BODY = YES;
				CLANG_WARN_ENUM_CONVERSION = YES;
				CLANG_WARN_INFINITE_RECURSION = YES;
				CLANG_WARN_INT_CONVERSION = YES;
				CLANG_WARN_NON_LITERAL_NULL_CONVERSION = YES;
				CLANG_WARN_OBJC_IMPLICIT_RETAIN_SELF = YES;
				CLANG_WARN_OBJC_LITERAL_CONVERSION = YES;
				CLANG_WARN_OBJC_ROOT_CLASS = YES_ERROR;
				CLANG_WARN_QUOTED_INCLUDE_IN_FRAMEWORK_HEADER = YES;
				CLANG_WARN_RANGE_LOOP_ANALYSIS = YES;
				CLANG_WARN_STRICT_PROTOTYPES = YES;
				CLANG_WARN_SUSPICIOUS_MOVE = YES;
				CLANG_WARN_UNGUARDED_AVAILABILITY = YES_AGGRESSIVE;
				CLANG_WARN_UNREACHABLE_CODE = YES;
				CLANG_WARN__DUPLICATE_METHOD_MATCH = YES;
				COPY_PHASE_STRIP = NO;
				DEBUG_INFORMATION_FORMAT = dwarf;
				ENABLE_STRICT_OBJC_MSGSEND = YES;
				ENABLE_TESTABILITY = YES;
				ENABLE_USER_SCRIPT_SANDBOXING = YES;
				GCC_C_LANGUAGE_STANDARD = gnu17;
				GCC_DYNAMIC_NO_PIC = NO;
				GCC_NO_COMMON_BLOCKS = YES;
				GCC_OPTIMIZATION_LEVEL = 0;
				GCC_PREPROCESSOR_DEFINITIONS = (
					"DEBUG=1",
					"$(inherited)",
				);
				GCC_WARN_64_TO_32_BIT_CONVERSION = YES;
				GCC_WARN_ABOUT_RETURN_TYPE = YES_ERROR;
				GCC_WARN_UNDECLARED_SELECTOR = YES;
				GCC_WARN_UNINITIALIZED_AUTOS = YES_AGGRESSIVE;
				GCC_WARN_UNUSED_FUNCTION = YES;
				GCC_WARN_UNUSED_VARIABLE = YES;
				IPHONEOS_DEPLOYMENT_TARGET = 17.2;
				LOCALIZATION_PREFERS_STRING_CATALOGS = YES;
				MTL_ENABLE_DEBUG_INFO = INCLUDE_SOURCE;
				MTL_FAST_MATH = YES;
				ONLY_ACTIVE_ARCH = YES;
				SDKROOT = iphoneos;
				SWIFT_ACTIVE_COMPILATION_CONDITIONS = "DEBUG $(inherited)";
				SWIFT_OPTIMIZATION_LEVEL = "-Onone";
			};
			name = Debug;
		};
		8BA2EA892D3C2B5200EAAABD /* Release */ = {
			isa = XCBuildConfiguration;
			buildSettings = {
				ALWAYS_SEARCH_USER_PATHS = NO;
				ASSETCATALOG_COMPILER_GENERATE_SWIFT_ASSET_SYMBOL_EXTENSIONS = YES;
				CLANG_ANALYZER_NONNULL = YES;
				CLANG_ANALYZER_NUMBER_OBJECT_CONVERSION = YES_AGGRESSIVE;
				CLANG_CXX_LANGUAGE_STANDARD = "gnu++20";
				CLANG_ENABLE_MODULES = YES;
				CLANG_ENABLE_OBJC_ARC = YES;
				CLANG_ENABLE_OBJC_WEAK = YES;
				CLANG_WARN_BLOCK_CAPTURE_AUTORELEASING = YES;
				CLANG_WARN_BOOL_CONVERSION = YES;
				CLANG_WARN_COMMA = YES;
				CLANG_WARN_CONSTANT_CONVERSION = YES;
				CLANG_WARN_DEPRECATED_OBJC_IMPLEMENTATIONS = YES;
				CLANG_WARN_DIRECT_OBJC_ISA_USAGE = YES_ERROR;
				CLANG_WARN_DOCUMENTATION_COMMENTS = YES;
				CLANG_WARN_EMPTY_BODY = YES;
				CLANG_WARN_ENUM_CONVERSION = YES;
				CLANG_WARN_INFINITE_RECURSION = YES;
				CLANG_WARN_INT_CONVERSION = YES;
				CLANG_WARN_NON_LITERAL_NULL_CONVERSION = YES;
				CLANG_WARN_OBJC_IMPLICIT_RETAIN_SELF = YES;
				CLANG_WARN_OBJC_LITERAL_CONVERSION = YES;
				CLANG_WARN_OBJC_ROOT_CLASS = YES_ERROR;
				CLANG_WARN_QUOTED_INCLUDE_IN_FRAMEWORK_HEADER = YES;
				CLANG_WARN_RANGE_LOOP_ANALYSIS = YES;
				CLANG_WARN_STRICT_PROTOTYPES = YES;
				CLANG_WARN_SUSPICIOUS_MOVE = YES;
				CLANG_WARN_UNGUARDED_AVAILABILITY = YES_AGGRESSIVE;
				CLANG_WARN_UNREACHABLE_CODE = YES;
				CLANG_WARN__DUPLICATE_METHOD_MATCH = YES;
				COPY_PHASE_STRIP = NO;
				DEBUG_INFORMATION_FORMAT = "dwarf-with-dsym";
				ENABLE_NS_ASSERTIONS = NO;
				ENABLE_STRICT_OBJC_MSGSEND = YES;
				ENABLE_USER_SCRIPT_SANDBOXING = YES;
				GCC_C_LANGUAGE_STANDARD = gnu17;
				GCC_NO_COMMON_BLOCKS = YES;
				GCC_WARN_64_TO_32_BIT_CONVERSION = YES;
				GCC_WARN_ABOUT_RETURN_TYPE = YES_ERROR;
				GCC_WARN_UNDECLARED_SELECTOR = YES;
				GCC_WARN_UNINITIALIZED_AUTOS = YES_AGGRESSIVE;
				GCC_WARN_UNUSED_FUNCTION = YES;
				GCC_WARN_UNUSED_VARIABLE = YES;
				IPHONEOS_DEPLOYMENT_TARGET = 17.2;
				LOCALIZATION_PREFERS_STRING_CATALOGS = YES;
				MTL_ENABLE_DEBUG_INFO = NO;
				MTL_FAST_MATH = YES;
				SDKROOT = iphoneos;
				SWIFT_COMPILATION_MODE = wholemodule;
				VALIDATE_PRODUCT = YES;
			};
			name = Release;
		};
		8BA2EA8B2D3C2B5200EAAABD /* Debug */ = {
			isa = XCBuildConfiguration;
			buildSettings = {
				ASSETCATALOG_COMPILER_APPICON_NAME = AppIcon;
				ASSETCATALOG_COMPILER_GLOBAL_ACCENT_COLOR_NAME = AccentColor;
				CODE_SIGN_STYLE = Automatic;
				CURRENT_PROJECT_VERSION = 1;
				DEVELOPMENT_TEAM = HVD9VLR59U;
				GENERATE_INFOPLIST_FILE = YES;
				INFOPLIST_FILE = JSONPlaceholderProject/Info.plist;
				INFOPLIST_KEY_UIApplicationSupportsIndirectInputEvents = YES;
				INFOPLIST_KEY_UILaunchStoryboardName = LaunchScreen;
				INFOPLIST_KEY_UIMainStoryboardFile = "";
				INFOPLIST_KEY_UISupportedInterfaceOrientations_iPad = "UIInterfaceOrientationPortrait UIInterfaceOrientationPortraitUpsideDown UIInterfaceOrientationLandscapeLeft UIInterfaceOrientationLandscapeRight";
				INFOPLIST_KEY_UISupportedInterfaceOrientations_iPhone = "UIInterfaceOrientationPortrait UIInterfaceOrientationLandscapeLeft UIInterfaceOrientationLandscapeRight";
				LD_RUNPATH_SEARCH_PATHS = (
					"$(inherited)",
					"@executable_path/Frameworks",
				);
				MARKETING_VERSION = 1.0;
				PRODUCT_BUNDLE_IDENTIFIER = com.kalender.JSONPlaceholderProject;
				PRODUCT_NAME = "$(TARGET_NAME)";
				SWIFT_EMIT_LOC_STRINGS = YES;
				SWIFT_VERSION = 5.0;
				TARGETED_DEVICE_FAMILY = "1,2";
			};
			name = Debug;
		};
		8BA2EA8C2D3C2B5200EAAABD /* Release */ = {
			isa = XCBuildConfiguration;
			buildSettings = {
				ASSETCATALOG_COMPILER_APPICON_NAME = AppIcon;
				ASSETCATALOG_COMPILER_GLOBAL_ACCENT_COLOR_NAME = AccentColor;
				CODE_SIGN_STYLE = Automatic;
				CURRENT_PROJECT_VERSION = 1;
				DEVELOPMENT_TEAM = HVD9VLR59U;
				GENERATE_INFOPLIST_FILE = YES;
				INFOPLIST_FILE = JSONPlaceholderProject/Info.plist;
				INFOPLIST_KEY_UIApplicationSupportsIndirectInputEvents = YES;
				INFOPLIST_KEY_UILaunchStoryboardName = LaunchScreen;
				INFOPLIST_KEY_UIMainStoryboardFile = "";
				INFOPLIST_KEY_UISupportedInterfaceOrientations_iPad = "UIInterfaceOrientationPortrait UIInterfaceOrientationPortraitUpsideDown UIInterfaceOrientationLandscapeLeft UIInterfaceOrientationLandscapeRight";
				INFOPLIST_KEY_UISupportedInterfaceOrientations_iPhone = "UIInterfaceOrientationPortrait UIInterfaceOrientationLandscapeLeft UIInterfaceOrientationLandscapeRight";
				LD_RUNPATH_SEARCH_PATHS = (
					"$(inherited)",
					"@executable_path/Frameworks",
				);
				MARKETING_VERSION = 1.0;
				PRODUCT_BUNDLE_IDENTIFIER = com.kalender.JSONPlaceholderProject;
				PRODUCT_NAME = "$(TARGET_NAME)";
				SWIFT_EMIT_LOC_STRINGS = YES;
				SWIFT_VERSION = 5.0;
				TARGETED_DEVICE_FAMILY = "1,2";
			};
			name = Release;
		};
		8BA2EA8E2D3C2B5200EAAABD /* Debug */ = {
			isa = XCBuildConfiguration;
			buildSettings = {
				ALWAYS_EMBED_SWIFT_STANDARD_LIBRARIES = YES;
				BUNDLE_LOADER = "$(TEST_HOST)";
				CODE_SIGN_STYLE = Automatic;
				CURRENT_PROJECT_VERSION = 1;
				DEVELOPMENT_TEAM = HVD9VLR59U;
				GENERATE_INFOPLIST_FILE = YES;
				IPHONEOS_DEPLOYMENT_TARGET = 17.2;
				MARKETING_VERSION = 1.0;
				PRODUCT_BUNDLE_IDENTIFIER = com.kalender.JSONPlaceholderProjectTests;
				PRODUCT_NAME = "$(TARGET_NAME)";
				SWIFT_EMIT_LOC_STRINGS = NO;
				SWIFT_VERSION = 5.0;
				TARGETED_DEVICE_FAMILY = "1,2";
				TEST_HOST = "$(BUILT_PRODUCTS_DIR)/JSONPlaceholderProject.app/$(BUNDLE_EXECUTABLE_FOLDER_PATH)/JSONPlaceholderProject";
			};
			name = Debug;
		};
		8BA2EA8F2D3C2B5200EAAABD /* Release */ = {
			isa = XCBuildConfiguration;
			buildSettings = {
				ALWAYS_EMBED_SWIFT_STANDARD_LIBRARIES = YES;
				BUNDLE_LOADER = "$(TEST_HOST)";
				CODE_SIGN_STYLE = Automatic;
				CURRENT_PROJECT_VERSION = 1;
				DEVELOPMENT_TEAM = HVD9VLR59U;
				GENERATE_INFOPLIST_FILE = YES;
				IPHONEOS_DEPLOYMENT_TARGET = 17.2;
				MARKETING_VERSION = 1.0;
				PRODUCT_BUNDLE_IDENTIFIER = com.kalender.JSONPlaceholderProjectTests;
				PRODUCT_NAME = "$(TARGET_NAME)";
				SWIFT_EMIT_LOC_STRINGS = NO;
				SWIFT_VERSION = 5.0;
				TARGETED_DEVICE_FAMILY = "1,2";
				TEST_HOST = "$(BUILT_PRODUCTS_DIR)/JSONPlaceholderProject.app/$(BUNDLE_EXECUTABLE_FOLDER_PATH)/JSONPlaceholderProject";
			};
			name = Release;
		};
		8BA2EA912D3C2B5200EAAABD /* Debug */ = {
			isa = XCBuildConfiguration;
			buildSettings = {
				ALWAYS_EMBED_SWIFT_STANDARD_LIBRARIES = YES;
				CODE_SIGN_STYLE = Automatic;
				CURRENT_PROJECT_VERSION = 1;
				DEVELOPMENT_TEAM = HVD9VLR59U;
				GENERATE_INFOPLIST_FILE = YES;
				MARKETING_VERSION = 1.0;
				PRODUCT_BUNDLE_IDENTIFIER = com.kalender.JSONPlaceholderProjectUITests;
				PRODUCT_NAME = "$(TARGET_NAME)";
				SWIFT_EMIT_LOC_STRINGS = NO;
				SWIFT_VERSION = 5.0;
				TARGETED_DEVICE_FAMILY = "1,2";
				TEST_TARGET_NAME = JSONPlaceholderProject;
			};
			name = Debug;
		};
		8BA2EA922D3C2B5200EAAABD /* Release */ = {
			isa = XCBuildConfiguration;
			buildSettings = {
				ALWAYS_EMBED_SWIFT_STANDARD_LIBRARIES = YES;
				CODE_SIGN_STYLE = Automatic;
				CURRENT_PROJECT_VERSION = 1;
				DEVELOPMENT_TEAM = HVD9VLR59U;
				GENERATE_INFOPLIST_FILE = YES;
				MARKETING_VERSION = 1.0;
				PRODUCT_BUNDLE_IDENTIFIER = com.kalender.JSONPlaceholderProjectUITests;
				PRODUCT_NAME = "$(TARGET_NAME)";
				SWIFT_EMIT_LOC_STRINGS = NO;
				SWIFT_VERSION = 5.0;
				TARGETED_DEVICE_FAMILY = "1,2";
				TEST_TARGET_NAME = JSONPlaceholderProject;
			};
			name = Release;
		};
/* End XCBuildConfiguration section */

/* Begin XCConfigurationList section */
		8BA2EA5B2D3C2B5000EAAABD /* Build configuration list for PBXProject "JSONPlaceholderProject" */ = {
			isa = XCConfigurationList;
			buildConfigurations = (
				8BA2EA882D3C2B5200EAAABD /* Debug */,
				8BA2EA892D3C2B5200EAAABD /* Release */,
			);
			defaultConfigurationIsVisible = 0;
			defaultConfigurationName = Release;
		};
		8BA2EA8A2D3C2B5200EAAABD /* Build configuration list for PBXNativeTarget "JSONPlaceholderProject" */ = {
			isa = XCConfigurationList;
			buildConfigurations = (
				8BA2EA8B2D3C2B5200EAAABD /* Debug */,
				8BA2EA8C2D3C2B5200EAAABD /* Release */,
			);
			defaultConfigurationIsVisible = 0;
			defaultConfigurationName = Release;
		};
		8BA2EA8D2D3C2B5200EAAABD /* Build configuration list for PBXNativeTarget "JSONPlaceholderProjectTests" */ = {
			isa = XCConfigurationList;
			buildConfigurations = (
				8BA2EA8E2D3C2B5200EAAABD /* Debug */,
				8BA2EA8F2D3C2B5200EAAABD /* Release */,
			);
			defaultConfigurationIsVisible = 0;
			defaultConfigurationName = Release;
		};
		8BA2EA902D3C2B5200EAAABD /* Build configuration list for PBXNativeTarget "JSONPlaceholderProjectUITests" */ = {
			isa = XCConfigurationList;
			buildConfigurations = (
				8BA2EA912D3C2B5200EAAABD /* Debug */,
				8BA2EA922D3C2B5200EAAABD /* Release */,
			);
			defaultConfigurationIsVisible = 0;
			defaultConfigurationName = Release;
		};
/* End XCConfigurationList section */
	};
	rootObject = 8BA2EA582D3C2B5000EAAABD /* Project object */;
}
